
Microsoft Visual Studio Solution File, Format Version 12.00
# Visual Studio Version 17
VisualStudioVersion = 17.1.32328.378
MinimumVisualStudioVersion = 10.0.40219.1
Project("{FAE04EC0-301F-11D3-BF4B-00C04F79EFBC}") = "TodoApp", "TodoApp\TodoApp.csproj", "{6A1E1EFB-7EDD-46FB-AE1D-DAB5A887F73C}"
EndProject
Global
	GlobalSection(SolutionConfigurationPlatforms) = preSolution
		Debug|Any CPU = Debug|Any CPU
		Release|Any CPU = Release|Any CPU
	EndGlobalSection
	GlobalSection(ProjectConfigurationPlatforms) = postSolution
		{6A1E1EFB-7EDD-46FB-AE1D-DAB5A887F73C}.Debug|Any CPU.ActiveCfg = Debug|Any CPU
		{6A1E1EFB-7EDD-46FB-AE1D-DAB5A887F73C}.Debug|Any CPU.Build.0 = Debug|Any CPU
		{6A1E1EFB-7EDD-46FB-AE1D-DAB5A887F73C}.Release|Any CPU.ActiveCfg = Release|Any CPU
		{6A1E1EFB-7EDD-46FB-AE1D-DAB5A887F73C}.Release|Any CPU.Build.0 = Release|Any CPU
	EndGlobalSection
	GlobalSection(SolutionProperties) = preSolution
		HideSolutionNode = FALSE
	EndGlobalSection
	GlobalSection(ExtensibilityGlobals) = postSolution
		SolutionGuid = {CF831411-9B4D-4CCB-AFCC-A7085D99F010}
	EndGlobalSection
EndGlobal
